
Microsoft Visual Studio Solution File, Format Version 12.00
# Visual Studio Version 16
VisualStudioVersion = 25.0.1706.12
MinimumVisualStudioVersion = 10.0.40219.1
Project("{FAE04EC0-301F-11D3-BF4B-00C04F79EFBC}") = "msptoolmac", "msptoolmac\msptoolmac.csproj", "{2E2F4E8C-BDDE-4BE4-870A-DFEB9C859BC7}"
EndProject
Global
	GlobalSection(SolutionConfigurationPlatforms) = preSolution
		Debug|Any CPU = Debug|Any CPU
		Release|Any CPU = Release|Any CPU
	EndGlobalSection
	GlobalSection(ProjectConfigurationPlatforms) = postSolution
		{2E2F4E8C-BDDE-4BE4-870A-DFEB9C859BC7}.Debug|Any CPU.ActiveCfg = Debug|Any CPU
		{2E2F4E8C-BDDE-4BE4-870A-DFEB9C859BC7}.Debug|Any CPU.Build.0 = Debug|Any CPU
		{2E2F4E8C-BDDE-4BE4-870A-DFEB9C859BC7}.Release|Any CPU.ActiveCfg = Release|Any CPU
		{2E2F4E8C-BDDE-4BE4-870A-DFEB9C859BC7}.Release|Any CPU.Build.0 = Release|Any CPU
	EndGlobalSection
	GlobalSection(SolutionProperties) = preSolution
		HideSolutionNode = FALSE
	EndGlobalSection
	GlobalSection(ExtensibilityGlobals) = postSolution
		SolutionGuid = {8DC7F35D-3A1D-4122-A405-0DCC4F0479FC}
	EndGlobalSection
EndGlobal
