
Microsoft Visual Studio Solution File, Format Version 12.00
# Visual Studio Version 16
VisualStudioVersion = 25.0.1706.12
MinimumVisualStudioVersion = 10.0.40219.1
Project("{FAE04EC0-301F-11D3-BF4B-00C04F79EFBC}") = "msptoolmac", "msptoolmac\msptoolmac.csproj", "{93E3B606-BAFD-4E66-8240-AFD9957010A0}"
EndProject
Global
	GlobalSection(SolutionConfigurationPlatforms) = preSolution
		Debug|Any CPU = Debug|Any CPU
		Release|Any CPU = Release|Any CPU
	EndGlobalSection
	GlobalSection(ProjectConfigurationPlatforms) = postSolution
		{93E3B606-BAFD-4E66-8240-AFD9957010A0}.Debug|Any CPU.ActiveCfg = Debug|Any CPU
		{93E3B606-BAFD-4E66-8240-AFD9957010A0}.Debug|Any CPU.Build.0 = Debug|Any CPU
		{93E3B606-BAFD-4E66-8240-AFD9957010A0}.Release|Any CPU.ActiveCfg = Release|Any CPU
		{93E3B606-BAFD-4E66-8240-AFD9957010A0}.Release|Any CPU.Build.0 = Release|Any CPU
	EndGlobalSection
	GlobalSection(SolutionProperties) = preSolution
		HideSolutionNode = FALSE
	EndGlobalSection
	GlobalSection(ExtensibilityGlobals) = postSolution
		SolutionGuid = {85C50EB6-A97C-4A40-9A80-F587C73FBC7A}
	EndGlobalSection
EndGlobal
