
Microsoft Visual Studio Solution File, Format Version 12.00
# Visual Studio Version 16
VisualStudioVersion = 25.0.1706.12
MinimumVisualStudioVersion = 10.0.40219.1
Project("{FAE04EC0-301F-11D3-BF4B-00C04F79EFBC}") = "msptoolmac", "msptoolmac\msptoolmac.csproj", "{C7CA17D5-E2B7-4568-938F-D9814ACAC953}"
EndProject
Global
	GlobalSection(SolutionConfigurationPlatforms) = preSolution
		Debug|Any CPU = Debug|Any CPU
		Release|Any CPU = Release|Any CPU
	EndGlobalSection
	GlobalSection(ProjectConfigurationPlatforms) = postSolution
		{C7CA17D5-E2B7-4568-938F-D9814ACAC953}.Debug|Any CPU.ActiveCfg = Debug|Any CPU
		{C7CA17D5-E2B7-4568-938F-D9814ACAC953}.Debug|Any CPU.Build.0 = Debug|Any CPU
		{C7CA17D5-E2B7-4568-938F-D9814ACAC953}.Release|Any CPU.ActiveCfg = Release|Any CPU
		{C7CA17D5-E2B7-4568-938F-D9814ACAC953}.Release|Any CPU.Build.0 = Release|Any CPU
	EndGlobalSection
	GlobalSection(SolutionProperties) = preSolution
		HideSolutionNode = FALSE
	EndGlobalSection
	GlobalSection(ExtensibilityGlobals) = postSolution
		SolutionGuid = {533E28E4-6529-4268-AD06-A95069924AED}
	EndGlobalSection
EndGlobal
