
Microsoft Visual Studio Solution File, Format Version 12.00
# Visual Studio Version 16
VisualStudioVersion = 25.0.1706.12
MinimumVisualStudioVersion = 10.0.40219.1
Project("{FAE04EC0-301F-11D3-BF4B-00C04F79EFBC}") = "msptoolmac", "msptoolmac\msptoolmac.csproj", "{A5F92D0E-3F87-4816-92CD-C3A02DFD5850}"
EndProject
Global
	GlobalSection(SolutionConfigurationPlatforms) = preSolution
		Debug|Any CPU = Debug|Any CPU
		Release|Any CPU = Release|Any CPU
	EndGlobalSection
	GlobalSection(ProjectConfigurationPlatforms) = postSolution
		{A5F92D0E-3F87-4816-92CD-C3A02DFD5850}.Debug|Any CPU.ActiveCfg = Debug|Any CPU
		{A5F92D0E-3F87-4816-92CD-C3A02DFD5850}.Debug|Any CPU.Build.0 = Debug|Any CPU
		{A5F92D0E-3F87-4816-92CD-C3A02DFD5850}.Release|Any CPU.ActiveCfg = Release|Any CPU
		{A5F92D0E-3F87-4816-92CD-C3A02DFD5850}.Release|Any CPU.Build.0 = Release|Any CPU
	EndGlobalSection
	GlobalSection(SolutionProperties) = preSolution
		HideSolutionNode = FALSE
	EndGlobalSection
	GlobalSection(ExtensibilityGlobals) = postSolution
		SolutionGuid = {C0305AFF-D013-4EBE-A6FD-C88C9B28DD52}
	EndGlobalSection
EndGlobal
