
Microsoft Visual Studio Solution File, Format Version 12.00
# Visual Studio Version 16
VisualStudioVersion = 25.0.1706.12
MinimumVisualStudioVersion = 10.0.40219.1
Project("{FAE04EC0-301F-11D3-BF4B-00C04F79EFBC}") = "msptoolmac", "msptoolmac\msptoolmac.csproj", "{A4B13D8C-FE6D-422C-8B6D-3727F5EDB057}"
EndProject
Global
	GlobalSection(SolutionConfigurationPlatforms) = preSolution
		Debug|Any CPU = Debug|Any CPU
		Release|Any CPU = Release|Any CPU
	EndGlobalSection
	GlobalSection(ProjectConfigurationPlatforms) = postSolution
		{A4B13D8C-FE6D-422C-8B6D-3727F5EDB057}.Debug|Any CPU.ActiveCfg = Debug|Any CPU
		{A4B13D8C-FE6D-422C-8B6D-3727F5EDB057}.Debug|Any CPU.Build.0 = Debug|Any CPU
		{A4B13D8C-FE6D-422C-8B6D-3727F5EDB057}.Release|Any CPU.ActiveCfg = Release|Any CPU
		{A4B13D8C-FE6D-422C-8B6D-3727F5EDB057}.Release|Any CPU.Build.0 = Release|Any CPU
	EndGlobalSection
	GlobalSection(SolutionProperties) = preSolution
		HideSolutionNode = FALSE
	EndGlobalSection
	GlobalSection(ExtensibilityGlobals) = postSolution
		SolutionGuid = {65E1B3BA-8D88-4AB8-AFC2-77F5947B3ECA}
	EndGlobalSection
EndGlobal
