
Microsoft Visual Studio Solution File, Format Version 12.00
Project("{FAE04EC0-301F-11D3-BF4B-00C04F79EFBC}") = "msptool", "msptool.csproj", "{615EEC94-1C9E-417F-A14B-402C862CDD90}"
EndProject
Global
	GlobalSection(SolutionConfigurationPlatforms) = preSolution
		Debug|Any CPU = Debug|Any CPU
		Release|Any CPU = Release|Any CPU
	EndGlobalSection
	GlobalSection(ProjectConfigurationPlatforms) = postSolution
		{615EEC94-1C9E-417F-A14B-402C862CDD90}.Debug|Any CPU.ActiveCfg = Debug|Any CPU
		{615EEC94-1C9E-417F-A14B-402C862CDD90}.Debug|Any CPU.Build.0 = Debug|Any CPU
		{615EEC94-1C9E-417F-A14B-402C862CDD90}.Release|Any CPU.ActiveCfg = Release|Any CPU
		{615EEC94-1C9E-417F-A14B-402C862CDD90}.Release|Any CPU.Build.0 = Release|Any CPU
	EndGlobalSection
EndGlobal
